<?xml version="1.0" encoding="utf-8"?>
<Project ToolsVersion="4.0" xmlns="http://schemas.microsoft.com/developer/msbuild/2003">
  <ItemGroup>
    <Filter Include="소스 파일">
      <UniqueIdentifier>{4FC737F1-C7A5-4376-A066-2A32D752A2FF}</UniqueIdentifier>
      <Extensions>cpp;c;cc;cxx;c++;cppm;ixx;def;odl;idl;hpj;bat;asm;asmx</Extensions>
    </Filter>
    <Filter Include="헤더 파일">
      <UniqueIdentifier>{93995380-89BD-4b04-88EB-625FBE52EBFB}</UniqueIdentifier>
      <Extensions>h;hh;hpp;hxx;h++;hm;inl;inc;ipp;xsd</Extensions>
    </Filter>
    <Filter Include="리소스 파일">
      <UniqueIdentifier>{67DA6AB6-F800-4c08-8B7A-83BB121AAD01}</UniqueIdentifier>
      <Extensions>rc;ico;cur;bmp;dlg;rc2;rct;bin;rgs;gif;jpg;jpeg;jpe;resx;tiff;tif;png;wav;mfcribbon-ms</Extensions>
    </Filter>
    <Filter Include="소스 파일\mode">
      <UniqueIdentifier>{52e13765-c0dd-4e1f-b6b2-8de72a4a4a11}</UniqueIdentifier>
    </Filter>
    <Filter Include="소스 파일\function">
      <UniqueIdentifier>{4d5d8585-c904-467f-a9a8-8da8c3e46d4e}</UniqueIdentifier>
    </Filter>
  </ItemGroup>
  <ItemGroup>
    <ClCompile Include="main.c">
      <Filter>소스 파일</Filter>
    </ClCompile>
    <ClCompile Include="practiceMode.c">
      <Filter>소스 파일\mode</Filter>
    </ClCompile>
    <ClCompile Include="signUpMode.c">
      <Filter>소스 파일\mode</Filter>
    </ClCompile>
    <ClCompile Include="authFunction.c">
      <Filter>소스 파일\function</Filter>
    </ClCompile>
    <ClCompile Include="basicFunction.c">
      <Filter>소스 파일\function</Filter>
    </ClCompile>
    <ClCompile Include="designFunction.c">
      <Filter>소스 파일\function</Filter>
    </ClCompile>
    <ClCompile Include="loginMode.c">
      <Filter>소스 파일\mode</Filter>
    </ClCompile>
    <ClCompile Include="mainMenuMode.c">
      <Filter>소스 파일\mode</Filter>
    </ClCompile>
    <ClCompile Include="multiMode.c">
      <Filter>소스 파일\mode</Filter>
    </ClCompile>
    <ClCompile Include="AiMode.c">
      <Filter>소스 파일\mode</Filter>
    </ClCompile>
    <ClCompile Include="AiFunction.c">
      <Filter>소스 파일\function</Filter>
    </ClCompile>
    <ClCompile Include="rankMode.c">
      <Filter>소스 파일\mode</Filter>
    </ClCompile>
    <ClCompile Include="rankFunction.c">
      <Filter>소스 파일\function</Filter>
    </ClCompile>
  </ItemGroup>
  <ItemGroup>
    <ClInclude Include="declareFunction.h">
      <Filter>헤더 파일</Filter>
    </ClInclude>
    <ClInclude Include="declareMode.h">
      <Filter>헤더 파일</Filter>
    </ClInclude>
    <ClInclude Include="structure.h">
      <Filter>헤더 파일</Filter>
    </ClInclude>
    <ClInclude Include="define.h">
      <Filter>헤더 파일</Filter>
    </ClInclude>
  </ItemGroup>
</Project>